
Microsoft Visual Studio Solution File, Format Version 12.00
# Visual Studio Version 16
VisualStudioVersion = 16.0.29509.3
MinimumVisualStudioVersion = 10.0.40219.1
Project("{8BC9CEB8-8B4A-11D0-8D11-00A0C91BC942}") = "fclib", "fclib\fclib.vcxproj", "{EA5B7D32-8B8C-4CEA-B2D0-F6DA98F6DC5B}"
EndProject
Project("{8BC9CEB8-8B4A-11D0-8D11-00A0C91BC942}") = "exifcl", "exifcl\exifcl.vcxproj", "{079F2B4F-39D6-44D7-82F7-7E37F7C4C64A}"
	ProjectSection(ProjectDependencies) = postProject
		{EA5B7D32-8B8C-4CEA-B2D0-F6DA98F6DC5B} = {EA5B7D32-8B8C-4CEA-B2D0-F6DA98F6DC5B}
		{5F3E83BD-04C0-4E33-A067-0436E485EC5D} = {5F3E83BD-04C0-4E33-A067-0436E485EC5D}
	EndProjectSection
EndProject
Project("{8BC9CEB8-8B4A-11D0-8D11-00A0C91BC942}") = "util", "util\util.vcxproj", "{5F3E83BD-04C0-4E33-A067-0436E485EC5D}"
	ProjectSection(ProjectDependencies) = postProject
		{EA5B7D32-8B8C-4CEA-B2D0-F6DA98F6DC5B} = {EA5B7D32-8B8C-4CEA-B2D0-F6DA98F6DC5B}
	EndProjectSection
EndProject
Project("{8BC9CEB8-8B4A-11D0-8D11-00A0C91BC942}") = "metatp", "metatp\metatp.vcxproj", "{C2205319-E84B-4C68-950F-FB4C97C88E5E}"
	ProjectSection(ProjectDependencies) = postProject
		{EA5B7D32-8B8C-4CEA-B2D0-F6DA98F6DC5B} = {EA5B7D32-8B8C-4CEA-B2D0-F6DA98F6DC5B}
	EndProjectSection
EndProject
Project("{8BC9CEB8-8B4A-11D0-8D11-00A0C91BC942}") = "csv", "csv\csv.vcxproj", "{5556F983-75AB-40C7-9960-60831C3341ED}"
	ProjectSection(ProjectDependencies) = postProject
		{C2205319-E84B-4C68-950F-FB4C97C88E5E} = {C2205319-E84B-4C68-950F-FB4C97C88E5E}
	EndProjectSection
EndProject
Project("{8BC9CEB8-8B4A-11D0-8D11-00A0C91BC942}") = "IntegrityManager", "IntegrityManager\IntegrityManager.vcxproj", "{5C10A855-ADCC-4C27-AF78-607BC9589D46}"
EndProject
Project("{8BC9CEB8-8B4A-11D0-8D11-00A0C91BC942}") = "mirror", "mirror\mirror.vcxproj", "{69BFC6E7-2140-4D9E-8CC4-A30B2C5F4EEB}"
EndProject
Project("{8BC9CEB8-8B4A-11D0-8D11-00A0C91BC942}") = "sqlite3", "sqlite3\sqlite3.vcxproj", "{C47CA54E-19F6-476F-8AD0-3A46B987616A}"
EndProject
Project("{8BC9CEB8-8B4A-11D0-8D11-00A0C91BC942}") = "SIALib", "SIALib\SIALib.vcxproj", "{439087AF-7106-492A-9A92-6692E1F0B07D}"
	ProjectSection(ProjectDependencies) = postProject
		{C2205319-E84B-4C68-950F-FB4C97C88E5E} = {C2205319-E84B-4C68-950F-FB4C97C88E5E}
		{EA5B7D32-8B8C-4CEA-B2D0-F6DA98F6DC5B} = {EA5B7D32-8B8C-4CEA-B2D0-F6DA98F6DC5B}
		{C47CA54E-19F6-476F-8AD0-3A46B987616A} = {C47CA54E-19F6-476F-8AD0-3A46B987616A}
		{079F2B4F-39D6-44D7-82F7-7E37F7C4C64A} = {079F2B4F-39D6-44D7-82F7-7E37F7C4C64A}
		{5C10A855-ADCC-4C27-AF78-607BC9589D46} = {5C10A855-ADCC-4C27-AF78-607BC9589D46}
		{5556F983-75AB-40C7-9960-60831C3341ED} = {5556F983-75AB-40C7-9960-60831C3341ED}
		{5F3E83BD-04C0-4E33-A067-0436E485EC5D} = {5F3E83BD-04C0-4E33-A067-0436E485EC5D}
		{69BFC6E7-2140-4D9E-8CC4-A30B2C5F4EEB} = {69BFC6E7-2140-4D9E-8CC4-A30B2C5F4EEB}
	EndProjectSection
EndProject
Project("{8BC9CEB8-8B4A-11D0-8D11-00A0C91BC942}") = "sia", "sia\sia.vcxproj", "{F9747C6B-FF2A-4E1A-BDA9-F03680915498}"
EndProject
Project("{8BC9CEB8-8B4A-11D0-8D11-00A0C91BC942}") = "database", "database\database.vcxproj", "{CEC11A92-CEAE-43A7-B31A-F1490B5A0CA2}"
EndProject
Project("{2150E333-8FDC-42A3-9474-1A3956D46DE8}") = "Solution Items", "Solution Items", "{B8DA32F5-6D3E-4352-B004-C05A13BF5A5D}"
	ProjectSection(SolutionItems) = preProject
		documents\sia.eap = documents\sia.eap
	EndProjectSection
EndProject
Project("{8BC9CEB8-8B4A-11D0-8D11-00A0C91BC942}") = "cmdlinetest", "cmdlinetest\cmdlinetest.vcxproj", "{BAF98380-7E01-4B2F-A454-E9C54B227104}"
EndProject
Project("{8BC9CEB8-8B4A-11D0-8D11-00A0C91BC942}") = "appbase", "appbase\appbase.vcxproj", "{6712D2A3-305E-4C55-B461-F94EBA993AA0}"
EndProject
Project("{8BC9CEB8-8B4A-11D0-8D11-00A0C91BC942}") = "web", "web\web.vcxproj", "{9216D1EA-CF96-4A10-B9BA-521D17974256}"
EndProject
Project("{8BC9CEB8-8B4A-11D0-8D11-00A0C91BC942}") = "iamirror", "iamirror\iamirror.vcxproj", "{D65ACB48-6439-441D-9061-1A11176644D5}"
	ProjectSection(ProjectDependencies) = postProject
		{C47CA54E-19F6-476F-8AD0-3A46B987616A} = {C47CA54E-19F6-476F-8AD0-3A46B987616A}
		{5556F983-75AB-40C7-9960-60831C3341ED} = {5556F983-75AB-40C7-9960-60831C3341ED}
		{CEC11A92-CEAE-43A7-B31A-F1490B5A0CA2} = {CEC11A92-CEAE-43A7-B31A-F1490B5A0CA2}
		{6712D2A3-305E-4C55-B461-F94EBA993AA0} = {6712D2A3-305E-4C55-B461-F94EBA993AA0}
		{439087AF-7106-492A-9A92-6692E1F0B07D} = {439087AF-7106-492A-9A92-6692E1F0B07D}
		{5F3E83BD-04C0-4E33-A067-0436E485EC5D} = {5F3E83BD-04C0-4E33-A067-0436E485EC5D}
		{69BFC6E7-2140-4D9E-8CC4-A30B2C5F4EEB} = {69BFC6E7-2140-4D9E-8CC4-A30B2C5F4EEB}
	EndProjectSection
EndProject
Project("{8BC9CEB8-8B4A-11D0-8D11-00A0C91BC942}") = "iaadmin", "iaadmin\siaadmin.vcxproj", "{403AEF6D-0C29-4126-8E37-C3707984F198}"
	ProjectSection(ProjectDependencies) = postProject
		{C2205319-E84B-4C68-950F-FB4C97C88E5E} = {C2205319-E84B-4C68-950F-FB4C97C88E5E}
		{EA5B7D32-8B8C-4CEA-B2D0-F6DA98F6DC5B} = {EA5B7D32-8B8C-4CEA-B2D0-F6DA98F6DC5B}
		{C47CA54E-19F6-476F-8AD0-3A46B987616A} = {C47CA54E-19F6-476F-8AD0-3A46B987616A}
		{079F2B4F-39D6-44D7-82F7-7E37F7C4C64A} = {079F2B4F-39D6-44D7-82F7-7E37F7C4C64A}
		{5C10A855-ADCC-4C27-AF78-607BC9589D46} = {5C10A855-ADCC-4C27-AF78-607BC9589D46}
		{5556F983-75AB-40C7-9960-60831C3341ED} = {5556F983-75AB-40C7-9960-60831C3341ED}
		{CEC11A92-CEAE-43A7-B31A-F1490B5A0CA2} = {CEC11A92-CEAE-43A7-B31A-F1490B5A0CA2}
		{6C4FEA9F-38C4-4387-B19E-2715288582A4} = {6C4FEA9F-38C4-4387-B19E-2715288582A4}
		{6712D2A3-305E-4C55-B461-F94EBA993AA0} = {6712D2A3-305E-4C55-B461-F94EBA993AA0}
		{439087AF-7106-492A-9A92-6692E1F0B07D} = {439087AF-7106-492A-9A92-6692E1F0B07D}
		{5F3E83BD-04C0-4E33-A067-0436E485EC5D} = {5F3E83BD-04C0-4E33-A067-0436E485EC5D}
		{69BFC6E7-2140-4D9E-8CC4-A30B2C5F4EEB} = {69BFC6E7-2140-4D9E-8CC4-A30B2C5F4EEB}
		{9216D1EA-CF96-4A10-B9BA-521D17974256} = {9216D1EA-CF96-4A10-B9BA-521D17974256}
	EndProjectSection
EndProject
Project("{8BC9CEB8-8B4A-11D0-8D11-00A0C91BC942}") = "iaweb", "iaweb\iaweb.vcxproj", "{21FCBA5A-5950-4A81-B858-8EEAD8E370A6}"
EndProject
Project("{8BC9CEB8-8B4A-11D0-8D11-00A0C91BC942}") = "iaserver", "iaserver\iaserver.vcxproj", "{55D25ADE-EE7A-4A8D-A444-712B16710C1F}"
EndProject
Project("{8BC9CEB8-8B4A-11D0-8D11-00A0C91BC942}") = "iacat", "iacat\iacat.vcxproj", "{1C253560-8CC9-46BE-A777-B8215136CEB2}"
EndProject
Project("{8BC9CEB8-8B4A-11D0-8D11-00A0C91BC942}") = "admin", "admin\admin.vcxproj", "{6C4FEA9F-38C4-4387-B19E-2715288582A4}"
EndProject
Project("{8BC9CEB8-8B4A-11D0-8D11-00A0C91BC942}") = "iaarc", "iaarc\iaarc.vcxproj", "{E6B44F35-CDAB-4487-9CD4-3DC02BBB488E}"
EndProject
Global
	GlobalSection(SolutionConfigurationPlatforms) = preSolution
		Debug|Any CPU = Debug|Any CPU
		Debug|ARM = Debug|ARM
		Debug|Mixed Platforms = Debug|Mixed Platforms
		Debug|Win32 = Debug|Win32
		Debug|x64 = Debug|x64
		Release|Any CPU = Release|Any CPU
		Release|ARM = Release|ARM
		Release|Mixed Platforms = Release|Mixed Platforms
		Release|Win32 = Release|Win32
		Release|x64 = Release|x64
	EndGlobalSection
	GlobalSection(ProjectConfigurationPlatforms) = postSolution
		{EA5B7D32-8B8C-4CEA-B2D0-F6DA98F6DC5B}.Debug|Any CPU.ActiveCfg = Debug|Win32
		{EA5B7D32-8B8C-4CEA-B2D0-F6DA98F6DC5B}.Debug|Any CPU.Build.0 = Debug|Win32
		{EA5B7D32-8B8C-4CEA-B2D0-F6DA98F6DC5B}.Debug|ARM.ActiveCfg = Debug|Win32
		{EA5B7D32-8B8C-4CEA-B2D0-F6DA98F6DC5B}.Debug|Mixed Platforms.ActiveCfg = Debug|Win32
		{EA5B7D32-8B8C-4CEA-B2D0-F6DA98F6DC5B}.Debug|Mixed Platforms.Build.0 = Debug|Win32
		{EA5B7D32-8B8C-4CEA-B2D0-F6DA98F6DC5B}.Debug|Win32.ActiveCfg = Debug|Win32
		{EA5B7D32-8B8C-4CEA-B2D0-F6DA98F6DC5B}.Debug|Win32.Build.0 = Debug|Win32
		{EA5B7D32-8B8C-4CEA-B2D0-F6DA98F6DC5B}.Debug|x64.ActiveCfg = Debug|x64
		{EA5B7D32-8B8C-4CEA-B2D0-F6DA98F6DC5B}.Debug|x64.Build.0 = Debug|x64
		{EA5B7D32-8B8C-4CEA-B2D0-F6DA98F6DC5B}.Release|Any CPU.ActiveCfg = Release|Win32
		{EA5B7D32-8B8C-4CEA-B2D0-F6DA98F6DC5B}.Release|Any CPU.Build.0 = Release|Win32
		{EA5B7D32-8B8C-4CEA-B2D0-F6DA98F6DC5B}.Release|ARM.ActiveCfg = Release|Win32
		{EA5B7D32-8B8C-4CEA-B2D0-F6DA98F6DC5B}.Release|Mixed Platforms.ActiveCfg = Release|Win32
		{EA5B7D32-8B8C-4CEA-B2D0-F6DA98F6DC5B}.Release|Mixed Platforms.Build.0 = Release|Win32
		{EA5B7D32-8B8C-4CEA-B2D0-F6DA98F6DC5B}.Release|Win32.ActiveCfg = Release|Win32
		{EA5B7D32-8B8C-4CEA-B2D0-F6DA98F6DC5B}.Release|Win32.Build.0 = Release|Win32
		{EA5B7D32-8B8C-4CEA-B2D0-F6DA98F6DC5B}.Release|x64.ActiveCfg = Release|x64
		{EA5B7D32-8B8C-4CEA-B2D0-F6DA98F6DC5B}.Release|x64.Build.0 = Release|x64
		{079F2B4F-39D6-44D7-82F7-7E37F7C4C64A}.Debug|Any CPU.ActiveCfg = Debug|Win32
		{079F2B4F-39D6-44D7-82F7-7E37F7C4C64A}.Debug|ARM.ActiveCfg = Debug|Win32
		{079F2B4F-39D6-44D7-82F7-7E37F7C4C64A}.Debug|Mixed Platforms.ActiveCfg = Debug|Win32
		{079F2B4F-39D6-44D7-82F7-7E37F7C4C64A}.Debug|Mixed Platforms.Build.0 = Debug|Win32
		{079F2B4F-39D6-44D7-82F7-7E37F7C4C64A}.Debug|Win32.ActiveCfg = Debug|Win32
		{079F2B4F-39D6-44D7-82F7-7E37F7C4C64A}.Debug|Win32.Build.0 = Debug|Win32
		{079F2B4F-39D6-44D7-82F7-7E37F7C4C64A}.Debug|x64.ActiveCfg = Debug|x64
		{079F2B4F-39D6-44D7-82F7-7E37F7C4C64A}.Debug|x64.Build.0 = Debug|x64
		{079F2B4F-39D6-44D7-82F7-7E37F7C4C64A}.Release|Any CPU.ActiveCfg = Release|Win32
		{079F2B4F-39D6-44D7-82F7-7E37F7C4C64A}.Release|Any CPU.Build.0 = Release|Win32
		{079F2B4F-39D6-44D7-82F7-7E37F7C4C64A}.Release|ARM.ActiveCfg = Release|Win32
		{079F2B4F-39D6-44D7-82F7-7E37F7C4C64A}.Release|Mixed Platforms.ActiveCfg = Release|Win32
		{079F2B4F-39D6-44D7-82F7-7E37F7C4C64A}.Release|Mixed Platforms.Build.0 = Release|Win32
		{079F2B4F-39D6-44D7-82F7-7E37F7C4C64A}.Release|Win32.ActiveCfg = Release|Win32
		{079F2B4F-39D6-44D7-82F7-7E37F7C4C64A}.Release|Win32.Build.0 = Release|Win32
		{079F2B4F-39D6-44D7-82F7-7E37F7C4C64A}.Release|x64.ActiveCfg = Release|x64
		{079F2B4F-39D6-44D7-82F7-7E37F7C4C64A}.Release|x64.Build.0 = Release|x64
		{5F3E83BD-04C0-4E33-A067-0436E485EC5D}.Debug|Any CPU.ActiveCfg = Debug|Win32
		{5F3E83BD-04C0-4E33-A067-0436E485EC5D}.Debug|Any CPU.Build.0 = Debug|Win32
		{5F3E83BD-04C0-4E33-A067-0436E485EC5D}.Debug|ARM.ActiveCfg = Debug|Win32
		{5F3E83BD-04C0-4E33-A067-0436E485EC5D}.Debug|Mixed Platforms.ActiveCfg = Debug|Win32
		{5F3E83BD-04C0-4E33-A067-0436E485EC5D}.Debug|Mixed Platforms.Build.0 = Debug|Win32
		{5F3E83BD-04C0-4E33-A067-0436E485EC5D}.Debug|Win32.ActiveCfg = Debug|Win32
		{5F3E83BD-04C0-4E33-A067-0436E485EC5D}.Debug|Win32.Build.0 = Debug|Win32
		{5F3E83BD-04C0-4E33-A067-0436E485EC5D}.Debug|x64.ActiveCfg = Debug|x64
		{5F3E83BD-04C0-4E33-A067-0436E485EC5D}.Debug|x64.Build.0 = Debug|x64
		{5F3E83BD-04C0-4E33-A067-0436E485EC5D}.Release|Any CPU.ActiveCfg = Release|Win32
		{5F3E83BD-04C0-4E33-A067-0436E485EC5D}.Release|Any CPU.Build.0 = Release|Win32
		{5F3E83BD-04C0-4E33-A067-0436E485EC5D}.Release|ARM.ActiveCfg = Release|Win32
		{5F3E83BD-04C0-4E33-A067-0436E485EC5D}.Release|Mixed Platforms.ActiveCfg = Release|Win32
		{5F3E83BD-04C0-4E33-A067-0436E485EC5D}.Release|Mixed Platforms.Build.0 = Release|Win32
		{5F3E83BD-04C0-4E33-A067-0436E485EC5D}.Release|Win32.ActiveCfg = Release|Win32
		{5F3E83BD-04C0-4E33-A067-0436E485EC5D}.Release|Win32.Build.0 = Release|Win32
		{5F3E83BD-04C0-4E33-A067-0436E485EC5D}.Release|x64.ActiveCfg = Release|x64
		{5F3E83BD-04C0-4E33-A067-0436E485EC5D}.Release|x64.Build.0 = Release|x64
		{C2205319-E84B-4C68-950F-FB4C97C88E5E}.Debug|Any CPU.ActiveCfg = Debug|Win32
		{C2205319-E84B-4C68-950F-FB4C97C88E5E}.Debug|Any CPU.Build.0 = Debug|Win32
		{C2205319-E84B-4C68-950F-FB4C97C88E5E}.Debug|ARM.ActiveCfg = Debug|Win32
		{C2205319-E84B-4C68-950F-FB4C97C88E5E}.Debug|Mixed Platforms.ActiveCfg = Debug|Win32
		{C2205319-E84B-4C68-950F-FB4C97C88E5E}.Debug|Mixed Platforms.Build.0 = Debug|Win32
		{C2205319-E84B-4C68-950F-FB4C97C88E5E}.Debug|Win32.ActiveCfg = Debug|Win32
		{C2205319-E84B-4C68-950F-FB4C97C88E5E}.Debug|Win32.Build.0 = Debug|Win32
		{C2205319-E84B-4C68-950F-FB4C97C88E5E}.Debug|x64.ActiveCfg = Debug|x64
		{C2205319-E84B-4C68-950F-FB4C97C88E5E}.Debug|x64.Build.0 = Debug|x64
		{C2205319-E84B-4C68-950F-FB4C97C88E5E}.Release|Any CPU.ActiveCfg = Release|Win32
		{C2205319-E84B-4C68-950F-FB4C97C88E5E}.Release|Any CPU.Build.0 = Release|Win32
		{C2205319-E84B-4C68-950F-FB4C97C88E5E}.Release|ARM.ActiveCfg = Release|Win32
		{C2205319-E84B-4C68-950F-FB4C97C88E5E}.Release|Mixed Platforms.ActiveCfg = Release|Win32
		{C2205319-E84B-4C68-950F-FB4C97C88E5E}.Release|Mixed Platforms.Build.0 = Release|Win32
		{C2205319-E84B-4C68-950F-FB4C97C88E5E}.Release|Win32.ActiveCfg = Release|Win32
		{C2205319-E84B-4C68-950F-FB4C97C88E5E}.Release|Win32.Build.0 = Release|Win32
		{C2205319-E84B-4C68-950F-FB4C97C88E5E}.Release|x64.ActiveCfg = Release|x64
		{C2205319-E84B-4C68-950F-FB4C97C88E5E}.Release|x64.Build.0 = Release|x64
		{5556F983-75AB-40C7-9960-60831C3341ED}.Debug|Any CPU.ActiveCfg = Debug|Win32
		{5556F983-75AB-40C7-9960-60831C3341ED}.Debug|ARM.ActiveCfg = Debug|Win32
		{5556F983-75AB-40C7-9960-60831C3341ED}.Debug|Mixed Platforms.ActiveCfg = Debug|Win32
		{5556F983-75AB-40C7-9960-60831C3341ED}.Debug|Mixed Platforms.Build.0 = Debug|Win32
		{5556F983-75AB-40C7-9960-60831C3341ED}.Debug|Win32.ActiveCfg = Debug|Win32
		{5556F983-75AB-40C7-9960-60831C3341ED}.Debug|Win32.Build.0 = Debug|Win32
		{5556F983-75AB-40C7-9960-60831C3341ED}.Debug|x64.ActiveCfg = Debug|x64
		{5556F983-75AB-40C7-9960-60831C3341ED}.Debug|x64.Build.0 = Debug|x64
		{5556F983-75AB-40C7-9960-60831C3341ED}.Release|Any CPU.ActiveCfg = Release|Win32
		{5556F983-75AB-40C7-9960-60831C3341ED}.Release|ARM.ActiveCfg = Release|Win32
		{5556F983-75AB-40C7-9960-60831C3341ED}.Release|Mixed Platforms.ActiveCfg = Release|Win32
		{5556F983-75AB-40C7-9960-60831C3341ED}.Release|Mixed Platforms.Build.0 = Release|Win32
		{5556F983-75AB-40C7-9960-60831C3341ED}.Release|Win32.ActiveCfg = Release|Win32
		{5556F983-75AB-40C7-9960-60831C3341ED}.Release|Win32.Build.0 = Release|Win32
		{5556F983-75AB-40C7-9960-60831C3341ED}.Release|x64.ActiveCfg = Release|x64
		{5556F983-75AB-40C7-9960-60831C3341ED}.Release|x64.Build.0 = Release|x64
		{5C10A855-ADCC-4C27-AF78-607BC9589D46}.Debug|Any CPU.ActiveCfg = Debug|Win32
		{5C10A855-ADCC-4C27-AF78-607BC9589D46}.Debug|Any CPU.Build.0 = Debug|Win32
		{5C10A855-ADCC-4C27-AF78-607BC9589D46}.Debug|ARM.ActiveCfg = Debug|Win32
		{5C10A855-ADCC-4C27-AF78-607BC9589D46}.Debug|Mixed Platforms.ActiveCfg = Debug|Win32
		{5C10A855-ADCC-4C27-AF78-607BC9589D46}.Debug|Mixed Platforms.Build.0 = Debug|Win32
		{5C10A855-ADCC-4C27-AF78-607BC9589D46}.Debug|Win32.ActiveCfg = Debug|Win32
		{5C10A855-ADCC-4C27-AF78-607BC9589D46}.Debug|Win32.Build.0 = Debug|Win32
		{5C10A855-ADCC-4C27-AF78-607BC9589D46}.Debug|x64.ActiveCfg = Debug|x64
		{5C10A855-ADCC-4C27-AF78-607BC9589D46}.Debug|x64.Build.0 = Debug|x64
		{5C10A855-ADCC-4C27-AF78-607BC9589D46}.Release|Any CPU.ActiveCfg = Release|Win32
		{5C10A855-ADCC-4C27-AF78-607BC9589D46}.Release|Any CPU.Build.0 = Release|Win32
		{5C10A855-ADCC-4C27-AF78-607BC9589D46}.Release|ARM.ActiveCfg = Release|Win32
		{5C10A855-ADCC-4C27-AF78-607BC9589D46}.Release|Mixed Platforms.ActiveCfg = Release|Win32
		{5C10A855-ADCC-4C27-AF78-607BC9589D46}.Release|Mixed Platforms.Build.0 = Release|Win32
		{5C10A855-ADCC-4C27-AF78-607BC9589D46}.Release|Win32.ActiveCfg = Release|Win32
		{5C10A855-ADCC-4C27-AF78-607BC9589D46}.Release|Win32.Build.0 = Release|Win32
		{5C10A855-ADCC-4C27-AF78-607BC9589D46}.Release|x64.ActiveCfg = Release|x64
		{5C10A855-ADCC-4C27-AF78-607BC9589D46}.Release|x64.Build.0 = Release|x64
		{69BFC6E7-2140-4D9E-8CC4-A30B2C5F4EEB}.Debug|Any CPU.ActiveCfg = Debug|Win32
		{69BFC6E7-2140-4D9E-8CC4-A30B2C5F4EEB}.Debug|Any CPU.Build.0 = Debug|Win32
		{69BFC6E7-2140-4D9E-8CC4-A30B2C5F4EEB}.Debug|ARM.ActiveCfg = Debug|Win32
		{69BFC6E7-2140-4D9E-8CC4-A30B2C5F4EEB}.Debug|Mixed Platforms.ActiveCfg = Debug|Win32
		{69BFC6E7-2140-4D9E-8CC4-A30B2C5F4EEB}.Debug|Mixed Platforms.Build.0 = Debug|Win32
		{69BFC6E7-2140-4D9E-8CC4-A30B2C5F4EEB}.Debug|Win32.ActiveCfg = Debug|Win32
		{69BFC6E7-2140-4D9E-8CC4-A30B2C5F4EEB}.Debug|Win32.Build.0 = Debug|Win32
		{69BFC6E7-2140-4D9E-8CC4-A30B2C5F4EEB}.Debug|x64.ActiveCfg = Debug|x64
		{69BFC6E7-2140-4D9E-8CC4-A30B2C5F4EEB}.Debug|x64.Build.0 = Debug|x64
		{69BFC6E7-2140-4D9E-8CC4-A30B2C5F4EEB}.Release|Any CPU.ActiveCfg = Release|Win32
		{69BFC6E7-2140-4D9E-8CC4-A30B2C5F4EEB}.Release|Any CPU.Build.0 = Release|Win32
		{69BFC6E7-2140-4D9E-8CC4-A30B2C5F4EEB}.Release|ARM.ActiveCfg = Release|Win32
		{69BFC6E7-2140-4D9E-8CC4-A30B2C5F4EEB}.Release|Mixed Platforms.ActiveCfg = Release|Win32
		{69BFC6E7-2140-4D9E-8CC4-A30B2C5F4EEB}.Release|Mixed Platforms.Build.0 = Release|Win32
		{69BFC6E7-2140-4D9E-8CC4-A30B2C5F4EEB}.Release|Win32.ActiveCfg = Release|Win32
		{69BFC6E7-2140-4D9E-8CC4-A30B2C5F4EEB}.Release|Win32.Build.0 = Release|Win32
		{69BFC6E7-2140-4D9E-8CC4-A30B2C5F4EEB}.Release|x64.ActiveCfg = Release|x64
		{69BFC6E7-2140-4D9E-8CC4-A30B2C5F4EEB}.Release|x64.Build.0 = Release|x64
		{C47CA54E-19F6-476F-8AD0-3A46B987616A}.Debug|Any CPU.ActiveCfg = Debug|Win32
		{C47CA54E-19F6-476F-8AD0-3A46B987616A}.Debug|Any CPU.Build.0 = Debug|Win32
		{C47CA54E-19F6-476F-8AD0-3A46B987616A}.Debug|ARM.ActiveCfg = Debug|Win32
		{C47CA54E-19F6-476F-8AD0-3A46B987616A}.Debug|Mixed Platforms.ActiveCfg = Debug|Win32
		{C47CA54E-19F6-476F-8AD0-3A46B987616A}.Debug|Mixed Platforms.Build.0 = Debug|Win32
		{C47CA54E-19F6-476F-8AD0-3A46B987616A}.Debug|Win32.ActiveCfg = Debug|Win32
		{C47CA54E-19F6-476F-8AD0-3A46B987616A}.Debug|Win32.Build.0 = Debug|Win32
		{C47CA54E-19F6-476F-8AD0-3A46B987616A}.Debug|x64.ActiveCfg = Debug|x64
		{C47CA54E-19F6-476F-8AD0-3A46B987616A}.Debug|x64.Build.0 = Debug|x64
		{C47CA54E-19F6-476F-8AD0-3A46B987616A}.Release|Any CPU.ActiveCfg = Release|Win32
		{C47CA54E-19F6-476F-8AD0-3A46B987616A}.Release|Any CPU.Build.0 = Release|Win32
		{C47CA54E-19F6-476F-8AD0-3A46B987616A}.Release|ARM.ActiveCfg = Release|Win32
		{C47CA54E-19F6-476F-8AD0-3A46B987616A}.Release|Mixed Platforms.ActiveCfg = Release|Win32
		{C47CA54E-19F6-476F-8AD0-3A46B987616A}.Release|Mixed Platforms.Build.0 = Release|Win32
		{C47CA54E-19F6-476F-8AD0-3A46B987616A}.Release|Win32.ActiveCfg = Release|Win32
		{C47CA54E-19F6-476F-8AD0-3A46B987616A}.Release|Win32.Build.0 = Release|Win32
		{C47CA54E-19F6-476F-8AD0-3A46B987616A}.Release|x64.ActiveCfg = Release|x64
		{C47CA54E-19F6-476F-8AD0-3A46B987616A}.Release|x64.Build.0 = Release|x64
		{439087AF-7106-492A-9A92-6692E1F0B07D}.Debug|Any CPU.ActiveCfg = Debug|Win32
		{439087AF-7106-492A-9A92-6692E1F0B07D}.Debug|Any CPU.Build.0 = Debug|Win32
		{439087AF-7106-492A-9A92-6692E1F0B07D}.Debug|ARM.ActiveCfg = Debug|Win32
		{439087AF-7106-492A-9A92-6692E1F0B07D}.Debug|Mixed Platforms.ActiveCfg = Debug|Win32
		{439087AF-7106-492A-9A92-6692E1F0B07D}.Debug|Mixed Platforms.Build.0 = Debug|Win32
		{439087AF-7106-492A-9A92-6692E1F0B07D}.Debug|Win32.ActiveCfg = Debug|Win32
		{439087AF-7106-492A-9A92-6692E1F0B07D}.Debug|Win32.Build.0 = Debug|Win32
		{439087AF-7106-492A-9A92-6692E1F0B07D}.Debug|x64.ActiveCfg = Debug|x64
		{439087AF-7106-492A-9A92-6692E1F0B07D}.Debug|x64.Build.0 = Debug|x64
		{439087AF-7106-492A-9A92-6692E1F0B07D}.Release|Any CPU.ActiveCfg = Release|Win32
		{439087AF-7106-492A-9A92-6692E1F0B07D}.Release|Any CPU.Build.0 = Release|Win32
		{439087AF-7106-492A-9A92-6692E1F0B07D}.Release|ARM.ActiveCfg = Release|Win32
		{439087AF-7106-492A-9A92-6692E1F0B07D}.Release|Mixed Platforms.ActiveCfg = Release|Win32
		{439087AF-7106-492A-9A92-6692E1F0B07D}.Release|Mixed Platforms.Build.0 = Release|Win32
		{439087AF-7106-492A-9A92-6692E1F0B07D}.Release|Win32.ActiveCfg = Release|Win32
		{439087AF-7106-492A-9A92-6692E1F0B07D}.Release|Win32.Build.0 = Release|Win32
		{439087AF-7106-492A-9A92-6692E1F0B07D}.Release|x64.ActiveCfg = Release|x64
		{439087AF-7106-492A-9A92-6692E1F0B07D}.Release|x64.Build.0 = Release|x64
		{F9747C6B-FF2A-4E1A-BDA9-F03680915498}.Debug|Any CPU.ActiveCfg = Debug|Win32
		{F9747C6B-FF2A-4E1A-BDA9-F03680915498}.Debug|Any CPU.Build.0 = Debug|Win32
		{F9747C6B-FF2A-4E1A-BDA9-F03680915498}.Debug|ARM.ActiveCfg = Debug|Win32
		{F9747C6B-FF2A-4E1A-BDA9-F03680915498}.Debug|Mixed Platforms.ActiveCfg = Debug|Win32
		{F9747C6B-FF2A-4E1A-BDA9-F03680915498}.Debug|Mixed Platforms.Build.0 = Debug|Win32
		{F9747C6B-FF2A-4E1A-BDA9-F03680915498}.Debug|Win32.ActiveCfg = Debug|Win32
		{F9747C6B-FF2A-4E1A-BDA9-F03680915498}.Debug|Win32.Build.0 = Debug|Win32
		{F9747C6B-FF2A-4E1A-BDA9-F03680915498}.Debug|x64.ActiveCfg = Debug|x64
		{F9747C6B-FF2A-4E1A-BDA9-F03680915498}.Release|Any CPU.ActiveCfg = Release|Win32
		{F9747C6B-FF2A-4E1A-BDA9-F03680915498}.Release|ARM.ActiveCfg = Release|Win32
		{F9747C6B-FF2A-4E1A-BDA9-F03680915498}.Release|Mixed Platforms.ActiveCfg = Release|Win32
		{F9747C6B-FF2A-4E1A-BDA9-F03680915498}.Release|Mixed Platforms.Build.0 = Release|Win32
		{F9747C6B-FF2A-4E1A-BDA9-F03680915498}.Release|Win32.ActiveCfg = Release|Win32
		{F9747C6B-FF2A-4E1A-BDA9-F03680915498}.Release|Win32.Build.0 = Release|Win32
		{F9747C6B-FF2A-4E1A-BDA9-F03680915498}.Release|x64.ActiveCfg = Release|Win32
		{CEC11A92-CEAE-43A7-B31A-F1490B5A0CA2}.Debug|Any CPU.ActiveCfg = Debug|Win32
		{CEC11A92-CEAE-43A7-B31A-F1490B5A0CA2}.Debug|Any CPU.Build.0 = Debug|Win32
		{CEC11A92-CEAE-43A7-B31A-F1490B5A0CA2}.Debug|ARM.ActiveCfg = Debug|Win32
		{CEC11A92-CEAE-43A7-B31A-F1490B5A0CA2}.Debug|Mixed Platforms.ActiveCfg = Debug|Win32
		{CEC11A92-CEAE-43A7-B31A-F1490B5A0CA2}.Debug|Mixed Platforms.Build.0 = Debug|Win32
		{CEC11A92-CEAE-43A7-B31A-F1490B5A0CA2}.Debug|Win32.ActiveCfg = Debug|Win32
		{CEC11A92-CEAE-43A7-B31A-F1490B5A0CA2}.Debug|Win32.Build.0 = Debug|Win32
		{CEC11A92-CEAE-43A7-B31A-F1490B5A0CA2}.Debug|x64.ActiveCfg = Debug|x64
		{CEC11A92-CEAE-43A7-B31A-F1490B5A0CA2}.Debug|x64.Build.0 = Debug|x64
		{CEC11A92-CEAE-43A7-B31A-F1490B5A0CA2}.Release|Any CPU.ActiveCfg = Release|Win32
		{CEC11A92-CEAE-43A7-B31A-F1490B5A0CA2}.Release|Any CPU.Build.0 = Release|Win32
		{CEC11A92-CEAE-43A7-B31A-F1490B5A0CA2}.Release|ARM.ActiveCfg = Release|Win32
		{CEC11A92-CEAE-43A7-B31A-F1490B5A0CA2}.Release|Mixed Platforms.ActiveCfg = Release|Win32
		{CEC11A92-CEAE-43A7-B31A-F1490B5A0CA2}.Release|Mixed Platforms.Build.0 = Release|Win32
		{CEC11A92-CEAE-43A7-B31A-F1490B5A0CA2}.Release|Win32.ActiveCfg = Release|Win32
		{CEC11A92-CEAE-43A7-B31A-F1490B5A0CA2}.Release|Win32.Build.0 = Release|Win32
		{CEC11A92-CEAE-43A7-B31A-F1490B5A0CA2}.Release|x64.ActiveCfg = Release|x64
		{CEC11A92-CEAE-43A7-B31A-F1490B5A0CA2}.Release|x64.Build.0 = Release|x64
		{BAF98380-7E01-4B2F-A454-E9C54B227104}.Debug|Any CPU.ActiveCfg = Debug|Win32
		{BAF98380-7E01-4B2F-A454-E9C54B227104}.Debug|Any CPU.Build.0 = Debug|Win32
		{BAF98380-7E01-4B2F-A454-E9C54B227104}.Debug|ARM.ActiveCfg = Debug|Win32
		{BAF98380-7E01-4B2F-A454-E9C54B227104}.Debug|Mixed Platforms.ActiveCfg = Debug|Win32
		{BAF98380-7E01-4B2F-A454-E9C54B227104}.Debug|Mixed Platforms.Build.0 = Debug|Win32
		{BAF98380-7E01-4B2F-A454-E9C54B227104}.Debug|Win32.ActiveCfg = Debug|Win32
		{BAF98380-7E01-4B2F-A454-E9C54B227104}.Debug|Win32.Build.0 = Debug|Win32
		{BAF98380-7E01-4B2F-A454-E9C54B227104}.Debug|x64.ActiveCfg = Debug|x64
		{BAF98380-7E01-4B2F-A454-E9C54B227104}.Release|Any CPU.ActiveCfg = Release|Win32
		{BAF98380-7E01-4B2F-A454-E9C54B227104}.Release|Any CPU.Build.0 = Release|Win32
		{BAF98380-7E01-4B2F-A454-E9C54B227104}.Release|ARM.ActiveCfg = Release|Win32
		{BAF98380-7E01-4B2F-A454-E9C54B227104}.Release|Mixed Platforms.ActiveCfg = Release|Win32
		{BAF98380-7E01-4B2F-A454-E9C54B227104}.Release|Mixed Platforms.Build.0 = Release|Win32
		{BAF98380-7E01-4B2F-A454-E9C54B227104}.Release|Win32.ActiveCfg = Release|Win32
		{BAF98380-7E01-4B2F-A454-E9C54B227104}.Release|Win32.Build.0 = Release|Win32
		{BAF98380-7E01-4B2F-A454-E9C54B227104}.Release|x64.ActiveCfg = Release|Win32
		{6712D2A3-305E-4C55-B461-F94EBA993AA0}.Debug|Any CPU.ActiveCfg = Debug|Win32
		{6712D2A3-305E-4C55-B461-F94EBA993AA0}.Debug|Any CPU.Build.0 = Debug|Win32
		{6712D2A3-305E-4C55-B461-F94EBA993AA0}.Debug|ARM.ActiveCfg = Debug|Win32
		{6712D2A3-305E-4C55-B461-F94EBA993AA0}.Debug|Mixed Platforms.ActiveCfg = Debug|Win32
		{6712D2A3-305E-4C55-B461-F94EBA993AA0}.Debug|Mixed Platforms.Build.0 = Debug|Win32
		{6712D2A3-305E-4C55-B461-F94EBA993AA0}.Debug|Win32.ActiveCfg = Debug|Win32
		{6712D2A3-305E-4C55-B461-F94EBA993AA0}.Debug|Win32.Build.0 = Debug|Win32
		{6712D2A3-305E-4C55-B461-F94EBA993AA0}.Debug|x64.ActiveCfg = Debug|x64
		{6712D2A3-305E-4C55-B461-F94EBA993AA0}.Debug|x64.Build.0 = Debug|x64
		{6712D2A3-305E-4C55-B461-F94EBA993AA0}.Release|Any CPU.ActiveCfg = Release|Win32
		{6712D2A3-305E-4C55-B461-F94EBA993AA0}.Release|Any CPU.Build.0 = Release|Win32
		{6712D2A3-305E-4C55-B461-F94EBA993AA0}.Release|ARM.ActiveCfg = Release|Win32
		{6712D2A3-305E-4C55-B461-F94EBA993AA0}.Release|Mixed Platforms.ActiveCfg = Release|Win32
		{6712D2A3-305E-4C55-B461-F94EBA993AA0}.Release|Mixed Platforms.Build.0 = Release|Win32
		{6712D2A3-305E-4C55-B461-F94EBA993AA0}.Release|Win32.ActiveCfg = Release|Win32
		{6712D2A3-305E-4C55-B461-F94EBA993AA0}.Release|Win32.Build.0 = Release|Win32
		{6712D2A3-305E-4C55-B461-F94EBA993AA0}.Release|x64.ActiveCfg = Release|x64
		{6712D2A3-305E-4C55-B461-F94EBA993AA0}.Release|x64.Build.0 = Release|x64
		{9216D1EA-CF96-4A10-B9BA-521D17974256}.Debug|Any CPU.ActiveCfg = Debug|Win32
		{9216D1EA-CF96-4A10-B9BA-521D17974256}.Debug|Any CPU.Build.0 = Debug|Win32
		{9216D1EA-CF96-4A10-B9BA-521D17974256}.Debug|ARM.ActiveCfg = Debug|Win32
		{9216D1EA-CF96-4A10-B9BA-521D17974256}.Debug|Mixed Platforms.ActiveCfg = Debug|Win32
		{9216D1EA-CF96-4A10-B9BA-521D17974256}.Debug|Mixed Platforms.Build.0 = Debug|Win32
		{9216D1EA-CF96-4A10-B9BA-521D17974256}.Debug|Win32.ActiveCfg = Debug|Win32
		{9216D1EA-CF96-4A10-B9BA-521D17974256}.Debug|Win32.Build.0 = Debug|Win32
		{9216D1EA-CF96-4A10-B9BA-521D17974256}.Debug|x64.ActiveCfg = Debug|x64
		{9216D1EA-CF96-4A10-B9BA-521D17974256}.Debug|x64.Build.0 = Debug|x64
		{9216D1EA-CF96-4A10-B9BA-521D17974256}.Release|Any CPU.ActiveCfg = Release|Win32
		{9216D1EA-CF96-4A10-B9BA-521D17974256}.Release|Any CPU.Build.0 = Release|Win32
		{9216D1EA-CF96-4A10-B9BA-521D17974256}.Release|ARM.ActiveCfg = Release|Win32
		{9216D1EA-CF96-4A10-B9BA-521D17974256}.Release|Mixed Platforms.ActiveCfg = Release|Win32
		{9216D1EA-CF96-4A10-B9BA-521D17974256}.Release|Mixed Platforms.Build.0 = Release|Win32
		{9216D1EA-CF96-4A10-B9BA-521D17974256}.Release|Win32.ActiveCfg = Release|Win32
		{9216D1EA-CF96-4A10-B9BA-521D17974256}.Release|Win32.Build.0 = Release|Win32
		{9216D1EA-CF96-4A10-B9BA-521D17974256}.Release|x64.ActiveCfg = Release|x64
		{9216D1EA-CF96-4A10-B9BA-521D17974256}.Release|x64.Build.0 = Release|x64
		{D65ACB48-6439-441D-9061-1A11176644D5}.Debug|Any CPU.ActiveCfg = Debug|Win32
		{D65ACB48-6439-441D-9061-1A11176644D5}.Debug|ARM.ActiveCfg = Debug|Win32
		{D65ACB48-6439-441D-9061-1A11176644D5}.Debug|Mixed Platforms.ActiveCfg = Debug|Win32
		{D65ACB48-6439-441D-9061-1A11176644D5}.Debug|Mixed Platforms.Build.0 = Debug|Win32
		{D65ACB48-6439-441D-9061-1A11176644D5}.Debug|Win32.ActiveCfg = Debug|Win32
		{D65ACB48-6439-441D-9061-1A11176644D5}.Debug|Win32.Build.0 = Debug|Win32
		{D65ACB48-6439-441D-9061-1A11176644D5}.Debug|x64.ActiveCfg = Debug|x64
		{D65ACB48-6439-441D-9061-1A11176644D5}.Debug|x64.Build.0 = Debug|x64
		{D65ACB48-6439-441D-9061-1A11176644D5}.Release|Any CPU.ActiveCfg = Release|Win32
		{D65ACB48-6439-441D-9061-1A11176644D5}.Release|ARM.ActiveCfg = Release|Win32
		{D65ACB48-6439-441D-9061-1A11176644D5}.Release|Mixed Platforms.ActiveCfg = Release|Win32
		{D65ACB48-6439-441D-9061-1A11176644D5}.Release|Mixed Platforms.Build.0 = Release|Win32
		{D65ACB48-6439-441D-9061-1A11176644D5}.Release|Win32.ActiveCfg = Release|Win32
		{D65ACB48-6439-441D-9061-1A11176644D5}.Release|x64.ActiveCfg = Release|x64
		{403AEF6D-0C29-4126-8E37-C3707984F198}.Debug|Any CPU.ActiveCfg = Debug|Win32
		{403AEF6D-0C29-4126-8E37-C3707984F198}.Debug|ARM.ActiveCfg = Debug|Win32
		{403AEF6D-0C29-4126-8E37-C3707984F198}.Debug|Mixed Platforms.ActiveCfg = Debug|Win32
		{403AEF6D-0C29-4126-8E37-C3707984F198}.Debug|Mixed Platforms.Build.0 = Debug|Win32
		{403AEF6D-0C29-4126-8E37-C3707984F198}.Debug|Win32.ActiveCfg = Debug|Win32
		{403AEF6D-0C29-4126-8E37-C3707984F198}.Debug|Win32.Build.0 = Debug|Win32
		{403AEF6D-0C29-4126-8E37-C3707984F198}.Debug|x64.ActiveCfg = Debug|x64
		{403AEF6D-0C29-4126-8E37-C3707984F198}.Debug|x64.Build.0 = Debug|x64
		{403AEF6D-0C29-4126-8E37-C3707984F198}.Release|Any CPU.ActiveCfg = Release|Win32
		{403AEF6D-0C29-4126-8E37-C3707984F198}.Release|ARM.ActiveCfg = Release|Win32
		{403AEF6D-0C29-4126-8E37-C3707984F198}.Release|Mixed Platforms.ActiveCfg = Release|Win32
		{403AEF6D-0C29-4126-8E37-C3707984F198}.Release|Mixed Platforms.Build.0 = Release|Win32
		{403AEF6D-0C29-4126-8E37-C3707984F198}.Release|Win32.ActiveCfg = Release|Win32
		{403AEF6D-0C29-4126-8E37-C3707984F198}.Release|Win32.Build.0 = Release|Win32
		{403AEF6D-0C29-4126-8E37-C3707984F198}.Release|x64.ActiveCfg = Release|x64
		{403AEF6D-0C29-4126-8E37-C3707984F198}.Release|x64.Build.0 = Release|x64
		{21FCBA5A-5950-4A81-B858-8EEAD8E370A6}.Debug|Any CPU.ActiveCfg = Debug|Win32
		{21FCBA5A-5950-4A81-B858-8EEAD8E370A6}.Debug|ARM.ActiveCfg = Debug|Win32
		{21FCBA5A-5950-4A81-B858-8EEAD8E370A6}.Debug|Mixed Platforms.ActiveCfg = Debug|Win32
		{21FCBA5A-5950-4A81-B858-8EEAD8E370A6}.Debug|Mixed Platforms.Build.0 = Debug|Win32
		{21FCBA5A-5950-4A81-B858-8EEAD8E370A6}.Debug|Win32.ActiveCfg = Debug|Win32
		{21FCBA5A-5950-4A81-B858-8EEAD8E370A6}.Debug|Win32.Build.0 = Debug|Win32
		{21FCBA5A-5950-4A81-B858-8EEAD8E370A6}.Debug|x64.ActiveCfg = Debug|x64
		{21FCBA5A-5950-4A81-B858-8EEAD8E370A6}.Debug|x64.Build.0 = Debug|x64
		{21FCBA5A-5950-4A81-B858-8EEAD8E370A6}.Release|Any CPU.ActiveCfg = Release|Win32
		{21FCBA5A-5950-4A81-B858-8EEAD8E370A6}.Release|ARM.ActiveCfg = Release|Win32
		{21FCBA5A-5950-4A81-B858-8EEAD8E370A6}.Release|Mixed Platforms.ActiveCfg = Release|Win32
		{21FCBA5A-5950-4A81-B858-8EEAD8E370A6}.Release|Mixed Platforms.Build.0 = Release|Win32
		{21FCBA5A-5950-4A81-B858-8EEAD8E370A6}.Release|Win32.ActiveCfg = Release|Win32
		{21FCBA5A-5950-4A81-B858-8EEAD8E370A6}.Release|x64.ActiveCfg = Release|x64
		{55D25ADE-EE7A-4A8D-A444-712B16710C1F}.Debug|Any CPU.ActiveCfg = Debug|Win32
		{55D25ADE-EE7A-4A8D-A444-712B16710C1F}.Debug|ARM.ActiveCfg = Debug|Win32
		{55D25ADE-EE7A-4A8D-A444-712B16710C1F}.Debug|Mixed Platforms.ActiveCfg = Debug|Win32
		{55D25ADE-EE7A-4A8D-A444-712B16710C1F}.Debug|Mixed Platforms.Build.0 = Debug|Win32
		{55D25ADE-EE7A-4A8D-A444-712B16710C1F}.Debug|Win32.ActiveCfg = Debug|Win32
		{55D25ADE-EE7A-4A8D-A444-712B16710C1F}.Debug|Win32.Build.0 = Debug|Win32
		{55D25ADE-EE7A-4A8D-A444-712B16710C1F}.Debug|x64.ActiveCfg = Debug|x64
		{55D25ADE-EE7A-4A8D-A444-712B16710C1F}.Debug|x64.Build.0 = Debug|x64
		{55D25ADE-EE7A-4A8D-A444-712B16710C1F}.Release|Any CPU.ActiveCfg = Release|Win32
		{55D25ADE-EE7A-4A8D-A444-712B16710C1F}.Release|ARM.ActiveCfg = Release|Win32
		{55D25ADE-EE7A-4A8D-A444-712B16710C1F}.Release|Mixed Platforms.ActiveCfg = Release|Win32
		{55D25ADE-EE7A-4A8D-A444-712B16710C1F}.Release|Mixed Platforms.Build.0 = Release|Win32
		{55D25ADE-EE7A-4A8D-A444-712B16710C1F}.Release|Win32.ActiveCfg = Release|Win32
		{55D25ADE-EE7A-4A8D-A444-712B16710C1F}.Release|x64.ActiveCfg = Release|x64
		{1C253560-8CC9-46BE-A777-B8215136CEB2}.Debug|Any CPU.ActiveCfg = Debug|Win32
		{1C253560-8CC9-46BE-A777-B8215136CEB2}.Debug|ARM.ActiveCfg = Debug|Win32
		{1C253560-8CC9-46BE-A777-B8215136CEB2}.Debug|Mixed Platforms.ActiveCfg = Debug|Win32
		{1C253560-8CC9-46BE-A777-B8215136CEB2}.Debug|Mixed Platforms.Build.0 = Debug|Win32
		{1C253560-8CC9-46BE-A777-B8215136CEB2}.Debug|Win32.ActiveCfg = Debug|Win32
		{1C253560-8CC9-46BE-A777-B8215136CEB2}.Debug|Win32.Build.0 = Debug|Win32
		{1C253560-8CC9-46BE-A777-B8215136CEB2}.Debug|x64.ActiveCfg = Debug|x64
		{1C253560-8CC9-46BE-A777-B8215136CEB2}.Debug|x64.Build.0 = Debug|x64
		{1C253560-8CC9-46BE-A777-B8215136CEB2}.Release|Any CPU.ActiveCfg = Release|Win32
		{1C253560-8CC9-46BE-A777-B8215136CEB2}.Release|ARM.ActiveCfg = Release|Win32
		{1C253560-8CC9-46BE-A777-B8215136CEB2}.Release|Mixed Platforms.ActiveCfg = Release|Win32
		{1C253560-8CC9-46BE-A777-B8215136CEB2}.Release|Mixed Platforms.Build.0 = Release|Win32
		{1C253560-8CC9-46BE-A777-B8215136CEB2}.Release|Win32.ActiveCfg = Release|Win32
		{1C253560-8CC9-46BE-A777-B8215136CEB2}.Release|Win32.Build.0 = Release|Win32
		{1C253560-8CC9-46BE-A777-B8215136CEB2}.Release|x64.ActiveCfg = Release|x64
		{1C253560-8CC9-46BE-A777-B8215136CEB2}.Release|x64.Build.0 = Release|x64
		{6C4FEA9F-38C4-4387-B19E-2715288582A4}.Debug|Any CPU.ActiveCfg = Debug|Win32
		{6C4FEA9F-38C4-4387-B19E-2715288582A4}.Debug|ARM.ActiveCfg = Debug|Win32
		{6C4FEA9F-38C4-4387-B19E-2715288582A4}.Debug|Mixed Platforms.ActiveCfg = Debug|Win32
		{6C4FEA9F-38C4-4387-B19E-2715288582A4}.Debug|Mixed Platforms.Build.0 = Debug|Win32
		{6C4FEA9F-38C4-4387-B19E-2715288582A4}.Debug|Win32.ActiveCfg = Debug|Win32
		{6C4FEA9F-38C4-4387-B19E-2715288582A4}.Debug|Win32.Build.0 = Debug|Win32
		{6C4FEA9F-38C4-4387-B19E-2715288582A4}.Debug|x64.ActiveCfg = Debug|x64
		{6C4FEA9F-38C4-4387-B19E-2715288582A4}.Debug|x64.Build.0 = Debug|x64
		{6C4FEA9F-38C4-4387-B19E-2715288582A4}.Release|Any CPU.ActiveCfg = Release|Win32
		{6C4FEA9F-38C4-4387-B19E-2715288582A4}.Release|ARM.ActiveCfg = Release|Win32
		{6C4FEA9F-38C4-4387-B19E-2715288582A4}.Release|Mixed Platforms.ActiveCfg = Release|Win32
		{6C4FEA9F-38C4-4387-B19E-2715288582A4}.Release|Mixed Platforms.Build.0 = Release|Win32
		{6C4FEA9F-38C4-4387-B19E-2715288582A4}.Release|Win32.ActiveCfg = Release|Win32
		{6C4FEA9F-38C4-4387-B19E-2715288582A4}.Release|Win32.Build.0 = Release|Win32
		{6C4FEA9F-38C4-4387-B19E-2715288582A4}.Release|x64.ActiveCfg = Release|x64
		{6C4FEA9F-38C4-4387-B19E-2715288582A4}.Release|x64.Build.0 = Release|x64
		{E6B44F35-CDAB-4487-9CD4-3DC02BBB488E}.Debug|Any CPU.ActiveCfg = Debug|Win32
		{E6B44F35-CDAB-4487-9CD4-3DC02BBB488E}.Debug|ARM.ActiveCfg = Debug|Win32
		{E6B44F35-CDAB-4487-9CD4-3DC02BBB488E}.Debug|Mixed Platforms.ActiveCfg = Debug|Win32
		{E6B44F35-CDAB-4487-9CD4-3DC02BBB488E}.Debug|Mixed Platforms.Build.0 = Debug|Win32
		{E6B44F35-CDAB-4487-9CD4-3DC02BBB488E}.Debug|Win32.ActiveCfg = Debug|Win32
		{E6B44F35-CDAB-4487-9CD4-3DC02BBB488E}.Debug|Win32.Build.0 = Debug|Win32
		{E6B44F35-CDAB-4487-9CD4-3DC02BBB488E}.Debug|x64.ActiveCfg = Debug|x64
		{E6B44F35-CDAB-4487-9CD4-3DC02BBB488E}.Debug|x64.Build.0 = Debug|x64
		{E6B44F35-CDAB-4487-9CD4-3DC02BBB488E}.Release|Any CPU.ActiveCfg = Release|Win32
		{E6B44F35-CDAB-4487-9CD4-3DC02BBB488E}.Release|ARM.ActiveCfg = Release|Win32
		{E6B44F35-CDAB-4487-9CD4-3DC02BBB488E}.Release|Mixed Platforms.ActiveCfg = Release|Win32
		{E6B44F35-CDAB-4487-9CD4-3DC02BBB488E}.Release|Mixed Platforms.Build.0 = Release|Win32
		{E6B44F35-CDAB-4487-9CD4-3DC02BBB488E}.Release|Win32.ActiveCfg = Release|Win32
		{E6B44F35-CDAB-4487-9CD4-3DC02BBB488E}.Release|Win32.Build.0 = Release|Win32
		{E6B44F35-CDAB-4487-9CD4-3DC02BBB488E}.Release|x64.ActiveCfg = Release|x64
		{E6B44F35-CDAB-4487-9CD4-3DC02BBB488E}.Release|x64.Build.0 = Release|x64
	EndGlobalSection
	GlobalSection(SolutionProperties) = preSolution
		HideSolutionNode = FALSE
	EndGlobalSection
	GlobalSection(ExtensibilityGlobals) = postSolution
		SolutionGuid = {C9E81843-A50C-49A0-B993-4BAC245EB031}
	EndGlobalSection
EndGlobal
