<?xml version="1.0" encoding="utf-8"?>
<Project ToolsVersion="4.0" xmlns="http://schemas.microsoft.com/developer/msbuild/2003">
  <ItemGroup>
    <Filter Include="Source Files">
      <UniqueIdentifier>{4FC737F1-C7A5-4376-A066-2A32D752A2FF}</UniqueIdentifier>
      <Extensions>cpp;c;cc;cxx;def;odl;idl;hpj;bat;asm;asmx</Extensions>
    </Filter>
    <Filter Include="Header Files">
      <UniqueIdentifier>{93995380-89BD-4b04-88EB-625FBE52EBFB}</UniqueIdentifier>
      <Extensions>h;hh;hpp;hxx;hm;inl;inc;xsd</Extensions>
    </Filter>
    <Filter Include="Resource Files">
      <UniqueIdentifier>{67DA6AB6-F800-4c08-8B7A-83BB121AAD01}</UniqueIdentifier>
      <Extensions>rc;ico;cur;bmp;dlg;rc2;rct;bin;rgs;gif;jpg;jpeg;jpe;resx;tiff;tif;png;wav;mfcribbon-ms</Extensions>
    </Filter>
  </ItemGroup>
  <ItemGroup>
    <ClInclude Include="CreateArchive.h">
      <Filter>Header Files</Filter>
    </ClInclude>
    <ClInclude Include="AdminApp.h">
      <Filter>Header Files</Filter>
    </ClInclude>
    <ClInclude Include="AdminAppOptions.h">
      <Filter>Header Files</Filter>
    </ClInclude>
    <ClInclude Include="AdminArgvParser.h">
      <Filter>Header Files</Filter>
    </ClInclude>
    <ClInclude Include="TestArchive.h">
      <Filter>Header Files</Filter>
    </ClInclude>
    <ClInclude Include="ShowCommand.h">
      <Filter>Header Files</Filter>
    </ClInclude>
    <ClInclude Include="SetConfig.h">
      <Filter>Header Files</Filter>
    </ClInclude>
    <ClInclude Include="UpdateConfig.h">
      <Filter>Header Files</Filter>
    </ClInclude>
    <ClInclude Include="DefaultEnvironment.h">
      <Filter>Header Files</Filter>
    </ClInclude>
    <ClInclude Include="SetImageExtentionFile.h">
      <Filter>Header Files</Filter>
    </ClInclude>
    <ClInclude Include="TextOut.h">
      <Filter>Header Files</Filter>
    </ClInclude>
  </ItemGroup>
  <ItemGroup>
    <ClCompile Include="CreateArchive.cpp">
      <Filter>Source Files</Filter>
    </ClCompile>
    <ClCompile Include="AdminApp.cpp">
      <Filter>Source Files</Filter>
    </ClCompile>
    <ClCompile Include="AdminAppOptions.cpp">
      <Filter>Source Files</Filter>
    </ClCompile>
    <ClCompile Include="AdminArgvParser.cpp">
      <Filter>Source Files</Filter>
    </ClCompile>
    <ClCompile Include="TestArchive.cpp">
      <Filter>Source Files</Filter>
    </ClCompile>
    <ClCompile Include="ShowCommand.cpp">
      <Filter>Source Files</Filter>
    </ClCompile>
    <ClCompile Include="SetConfig.cpp">
      <Filter>Source Files</Filter>
    </ClCompile>
    <ClCompile Include="UpdateConfig.cpp">
      <Filter>Source Files</Filter>
    </ClCompile>
    <ClCompile Include="DefaultEnvironment.cpp">
      <Filter>Source Files</Filter>
    </ClCompile>
    <ClCompile Include="SetImageExtentionFile.cpp">
      <Filter>Source Files</Filter>
    </ClCompile>
    <ClCompile Include="TextOut.cpp">
      <Filter>Source Files</Filter>
    </ClCompile>
  </ItemGroup>
  <ItemGroup>
    <Text Include="ReadMe.md" />
  </ItemGroup>
</Project>