<?xml version="1.0" encoding="utf-8"?>
<Project ToolsVersion="4.0" xmlns="http://schemas.microsoft.com/developer/msbuild/2003">
  <ItemGroup>
    <Filter Include="Source Files">
      <UniqueIdentifier>{4FC737F1-C7A5-4376-A066-2A32D752A2FF}</UniqueIdentifier>
      <Extensions>cpp;c;cc;cxx;def;odl;idl;hpj;bat;asm;asmx</Extensions>
    </Filter>
    <Filter Include="Resource Files">
      <UniqueIdentifier>{67DA6AB6-F800-4c08-8B7A-83BB121AAD01}</UniqueIdentifier>
      <Extensions>rc;ico;cur;bmp;dlg;rc2;rct;bin;rgs;gif;jpg;jpeg;jpe;resx;tiff;tif;png;wav;mfcribbon-ms</Extensions>
    </Filter>
    <Filter Include="Header Files">
      <UniqueIdentifier>{93995380-89BD-4b04-88EB-625FBE52EBFB}</UniqueIdentifier>
      <Extensions>h;hh;hpp;hxx;hm;inl;inc;xsd</Extensions>
    </Filter>
  </ItemGroup>
  <ItemGroup>
    <Text Include="ReadMe.txt" />
  </ItemGroup>
  <ItemGroup>
    <ClCompile Include="CSVDBFile.cpp">
      <Filter>Source Files</Filter>
    </ClCompile>
    <ClCompile Include="CSVDBVisitor.cpp">
      <Filter>Source Files</Filter>
    </ClCompile>
    <ClCompile Include="CSVDatabase.cpp">
      <Filter>Source Files</Filter>
    </ClCompile>
    <ClCompile Include="CSVMasterDatabase.cpp">
      <Filter>Source Files</Filter>
    </ClCompile>
    <ClCompile Include="CSVDerivativeDatabase.cpp">
      <Filter>Source Files</Filter>
    </ClCompile>
    <ClCompile Include="CheckoutStatus.cpp">
      <Filter>Source Files</Filter>
    </ClCompile>
    <ClCompile Include="IndexVisitor.cpp">
      <Filter>Source Files</Filter>
    </ClCompile>
    <ClCompile Include="ArchiveHistory.cpp">
      <Filter>Source Files</Filter>
    </ClCompile>
    <ClCompile Include="ResultsList.cpp">
      <Filter>Source Files</Filter>
    </ClCompile>
    <ClCompile Include="CSVIndexAction.cpp">
      <Filter>Source Files</Filter>
    </ClCompile>
    <ClCompile Include="CSVIndexVisitor.cpp">
      <Filter>Source Files</Filter>
    </ClCompile>
    <ClCompile Include="ResultsPresentation.cpp">
      <Filter>Source Files</Filter>
    </ClCompile>
    <ClCompile Include="CSVTAble.cpp">
      <Filter>Source Files</Filter>
    </ClCompile>
  </ItemGroup>
  <ItemGroup>
    <ClInclude Include="CSVDBFile.h">
      <Filter>Header Files</Filter>
    </ClInclude>
    <ClInclude Include="CSVDBVisitor.h">
      <Filter>Header Files</Filter>
    </ClInclude>
    <ClInclude Include="CSVDatabase.h">
      <Filter>Header Files</Filter>
    </ClInclude>
    <ClInclude Include="CSVMasterDatabase.h">
      <Filter>Header Files</Filter>
    </ClInclude>
    <ClInclude Include="CSVDerivativeDatabase.h">
      <Filter>Header Files</Filter>
    </ClInclude>
    <ClInclude Include="CheckoutStatus.h">
      <Filter>Header Files</Filter>
    </ClInclude>
    <ClInclude Include="IndexVisitor.h">
      <Filter>Header Files</Filter>
    </ClInclude>
    <ClInclude Include="ArchiveHistory.h">
      <Filter>Header Files</Filter>
    </ClInclude>
    <ClInclude Include="ResultsList.h">
      <Filter>Header Files</Filter>
    </ClInclude>
    <ClInclude Include="CSVIndexAction.h">
      <Filter>Header Files</Filter>
    </ClInclude>
    <ClInclude Include="CSVIndexVisitor.h">
      <Filter>Header Files</Filter>
    </ClInclude>
    <ClInclude Include="ResultsPresentation.h">
      <Filter>Header Files</Filter>
    </ClInclude>
    <ClInclude Include="CSVTAble.h">
      <Filter>Header Files</Filter>
    </ClInclude>
  </ItemGroup>
  <ItemGroup>
    <None Include="csvmain.dox" />
    <None Include="dbpage.dox" />
  </ItemGroup>
</Project>