<?xml version="1.0" encoding="utf-8"?>
<Project ToolsVersion="4.0" xmlns="http://schemas.microsoft.com/developer/msbuild/2003">
  <ItemGroup>
    <Filter Include="Source Files">
      <UniqueIdentifier>{4FC737F1-C7A5-4376-A066-2A32D752A2FF}</UniqueIdentifier>
      <Extensions>cpp;c;cc;cxx;def;odl;idl;hpj;bat;asm;asmx</Extensions>
    </Filter>
    <Filter Include="Header Files">
      <UniqueIdentifier>{93995380-89BD-4b04-88EB-625FBE52EBFB}</UniqueIdentifier>
      <Extensions>h;hh;hpp;hxx;hm;inl;inc;xsd</Extensions>
    </Filter>
    <Filter Include="Resource Files">
      <UniqueIdentifier>{67DA6AB6-F800-4c08-8B7A-83BB121AAD01}</UniqueIdentifier>
      <Extensions>rc;ico;cur;bmp;dlg;rc2;rct;bin;rgs;gif;jpg;jpeg;jpe;resx;tiff;tif;png;wav;mfcribbon-ms</Extensions>
    </Filter>
  </ItemGroup>
  <ItemGroup>
    <Text Include="ReadMe.txt" />
  </ItemGroup>
  <ItemGroup>
    <ClCompile Include="SAUtils.cpp">
      <Filter>Source Files</Filter>
    </ClCompile>
    <ClCompile Include="ExifDate.cpp">
      <Filter>Source Files</Filter>
    </ClCompile>
    <ClCompile Include="ExifDateTime.cpp">
      <Filter>Source Files</Filter>
    </ClCompile>
    <ClCompile Include="SimpleExifReader.cpp">
      <Filter>Source Files</Filter>
    </ClCompile>
    <ClCompile Include="DirectoryVisitor.cpp">
      <Filter>Source Files</Filter>
    </ClCompile>
    <ClCompile Include="ChangeLog.cpp">
      <Filter>Source Files</Filter>
    </ClCompile>
    <ClCompile Include="CShell.cpp">
      <Filter>Source Files</Filter>
    </ClCompile>
    <ClCompile Include="HistoryEvent.cpp">
      <Filter>Source Files</Filter>
    </ClCompile>
    <ClCompile Include="LogFilename.cpp">
      <Filter>Source Files</Filter>
    </ClCompile>
    <ClCompile Include="CLogger.cpp">
      <Filter>Source Files</Filter>
    </ClCompile>
    <ClCompile Include="LogName.cpp">
      <Filter>Source Files</Filter>
    </ClCompile>
    <ClCompile Include="SetEnv.cpp">
      <Filter>Source Files</Filter>
    </ClCompile>
    <ClCompile Include="ExternalProcess.cpp">
      <Filter>Source Files</Filter>
    </ClCompile>
    <ClCompile Include="RunExec.cpp">
      <Filter>Source Files</Filter>
    </ClCompile>
    <ClCompile Include="ConfigReader.cpp">
      <Filter>Source Files</Filter>
    </ClCompile>
    <ClCompile Include="SummaryFile.cpp">
      <Filter>Source Files</Filter>
    </ClCompile>
    <ClCompile Include="CSVArgs.cpp">
      <Filter>Source Files</Filter>
    </ClCompile>
    <ClCompile Include="MetaType.cpp">
      <Filter>Source Files</Filter>
    </ClCompile>
    <ClCompile Include="FileInfo.cpp">
      <Filter>Source Files</Filter>
    </ClCompile>
    <ClCompile Include="ImageExtentions.cpp">
      <Filter>Source Files</Filter>
    </ClCompile>
    <ClCompile Include="CheckDisk.cpp">
      <Filter>Source Files</Filter>
    </ClCompile>
    <ClCompile Include="ipsock.cpp">
      <Filter>Source Files</Filter>
    </ClCompile>
    <ClCompile Include="UDPOut.cpp">
      <Filter>Source Files</Filter>
    </ClCompile>
    <ClCompile Include="AddressScope.cpp">
      <Filter>Source Files</Filter>
    </ClCompile>
    <ClCompile Include="ArchiveVisitor.cpp">
      <Filter>Source Files</Filter>
    </ClCompile>
    <ClCompile Include="Threads.cpp">
      <Filter>Source Files</Filter>
    </ClCompile>
    <ClCompile Include="ArchivePath.cpp">
      <Filter>Source Files</Filter>
    </ClCompile>
    <ClCompile Include="JpegEXIF.cpp">
      <Filter>Source Files</Filter>
    </ClCompile>
    <ClCompile Include="ErrorCode.cpp">
      <Filter>Source Files</Filter>
    </ClCompile>
    <ClCompile Include="pathcontroller.cpp">
      <Filter>Source Files</Filter>
    </ClCompile>
    <ClCompile Include="BasicMetadata.cpp">
      <Filter>Source Files</Filter>
    </ClCompile>
    <ClCompile Include="Version.cpp">
      <Filter>Source Files</Filter>
    </ClCompile>
    <ClCompile Include="tinyxml2.cpp">
      <Filter>Source Files</Filter>
    </ClCompile>
    <ClCompile Include="Base64.cpp">
      <Filter>Source Files</Filter>
    </ClCompile>
    <ClCompile Include="ImageEncode.cpp">
      <Filter>Source Files</Filter>
    </ClCompile>
    <ClCompile Include="SequenceNumber.cpp">
      <Filter>Source Files</Filter>
    </ClCompile>
    <ClCompile Include="Base32.cpp">
      <Filter>Source Files</Filter>
    </ClCompile>
    <ClCompile Include="ImageEncodeBase32.cpp">
      <Filter>Source Files</Filter>
    </ClCompile>
    <ClCompile Include="HomePaths.cpp">
      <Filter>Source Files</Filter>
    </ClCompile>
  </ItemGroup>
  <ItemGroup>
    <ClInclude Include="SAUtils.h">
      <Filter>Header Files</Filter>
    </ClInclude>
    <ClInclude Include="ExifDate.h">
      <Filter>Header Files</Filter>
    </ClInclude>
    <ClInclude Include="ExifDateTime.h">
      <Filter>Header Files</Filter>
    </ClInclude>
    <ClInclude Include="SimpleExifReader.h">
      <Filter>Header Files</Filter>
    </ClInclude>
    <ClInclude Include="DirectoryVisitor.h">
      <Filter>Header Files</Filter>
    </ClInclude>
    <ClInclude Include="ChangeLog.h">
      <Filter>Header Files</Filter>
    </ClInclude>
    <ClInclude Include="CShell.h">
      <Filter>Header Files</Filter>
    </ClInclude>
    <ClInclude Include="HistoryEvent.h">
      <Filter>Header Files</Filter>
    </ClInclude>
    <ClInclude Include="LogFilename.h">
      <Filter>Header Files</Filter>
    </ClInclude>
    <ClInclude Include="CLogger.h">
      <Filter>Header Files</Filter>
    </ClInclude>
    <ClInclude Include="LogName.h">
      <Filter>Header Files</Filter>
    </ClInclude>
    <ClInclude Include="SetEnv.h">
      <Filter>Header Files</Filter>
    </ClInclude>
    <ClInclude Include="ExternalProcess.h">
      <Filter>Header Files</Filter>
    </ClInclude>
    <ClInclude Include="RunExec.h">
      <Filter>Header Files</Filter>
    </ClInclude>
    <ClInclude Include="ConfigReader.h">
      <Filter>Header Files</Filter>
    </ClInclude>
    <ClInclude Include="SummaryFile.h">
      <Filter>Header Files</Filter>
    </ClInclude>
    <ClInclude Include="CSVArgs.h">
      <Filter>Header Files</Filter>
    </ClInclude>
    <ClInclude Include="AppPaths.h">
      <Filter>Header Files</Filter>
    </ClInclude>
    <ClInclude Include="MetaType.h">
      <Filter>Header Files</Filter>
    </ClInclude>
    <ClInclude Include="DBDefines.h">
      <Filter>Header Files</Filter>
    </ClInclude>
    <ClInclude Include="FileInfo.h">
      <Filter>Header Files</Filter>
    </ClInclude>
    <ClInclude Include="ImageExtentions.h">
      <Filter>Header Files</Filter>
    </ClInclude>
    <ClInclude Include="ImageType.h">
      <Filter>Header Files</Filter>
    </ClInclude>
    <ClInclude Include="DefinePaths.h">
      <Filter>Header Files</Filter>
    </ClInclude>
    <ClInclude Include="CheckDisk.h">
      <Filter>Header Files</Filter>
    </ClInclude>
    <ClInclude Include="ipsock.h">
      <Filter>Header Files</Filter>
    </ClInclude>
    <ClInclude Include="UDPOut.h">
      <Filter>Header Files</Filter>
    </ClInclude>
    <ClInclude Include="AddressScope.h">
      <Filter>Header Files</Filter>
    </ClInclude>
    <ClInclude Include="ArchiveVisitor.h">
      <Filter>Header Files</Filter>
    </ClInclude>
    <ClInclude Include="Threads.h">
      <Filter>Header Files</Filter>
    </ClInclude>
    <ClInclude Include="ArchivePath.h">
      <Filter>Header Files</Filter>
    </ClInclude>
    <ClInclude Include="siaglobal.h">
      <Filter>Header Files</Filter>
    </ClInclude>
    <ClInclude Include="println.h">
      <Filter>Header Files</Filter>
    </ClInclude>
    <ClInclude Include="JpegEXIF.h">
      <Filter>Header Files</Filter>
    </ClInclude>
    <ClInclude Include="ErrorCode.h">
      <Filter>Header Files</Filter>
    </ClInclude>
    <ClInclude Include="pathcontroller.h">
      <Filter>Header Files</Filter>
    </ClInclude>
    <ClInclude Include="BasicMetadata.h">
      <Filter>Header Files</Filter>
    </ClInclude>
    <ClInclude Include="Version.h">
      <Filter>Header Files</Filter>
    </ClInclude>
    <ClInclude Include="tinyxml2.h">
      <Filter>Header Files</Filter>
    </ClInclude>
    <ClInclude Include="Base64.h">
      <Filter>Header Files</Filter>
    </ClInclude>
    <ClInclude Include="ImageEncode.h">
      <Filter>Header Files</Filter>
    </ClInclude>
    <ClInclude Include="SequenceNumber.h">
      <Filter>Header Files</Filter>
    </ClInclude>
    <ClInclude Include="Base32.h">
      <Filter>Header Files</Filter>
    </ClInclude>
    <ClInclude Include="ImageEncodeBase32.h">
      <Filter>Header Files</Filter>
    </ClInclude>
    <ClInclude Include="HomePaths.h">
      <Filter>Header Files</Filter>
    </ClInclude>
  </ItemGroup>
  <ItemGroup>
    <None Include="utilpage.dox" />
    <None Include="ClassDiagram.cd" />
  </ItemGroup>
</Project>