<?xml version="1.0" encoding="utf-8"?>
<Project ToolsVersion="4.0" xmlns="http://schemas.microsoft.com/developer/msbuild/2003">
  <ItemGroup>
    <Filter Include="Source Files">
      <UniqueIdentifier>{4FC737F1-C7A5-4376-A066-2A32D752A2FF}</UniqueIdentifier>
      <Extensions>cpp;c;cc;cxx;def;odl;idl;hpj;bat;asm;asmx</Extensions>
    </Filter>
    <Filter Include="Header Files">
      <UniqueIdentifier>{93995380-89BD-4b04-88EB-625FBE52EBFB}</UniqueIdentifier>
      <Extensions>h;hh;hpp;hxx;hm;inl;inc;xsd</Extensions>
    </Filter>
    <Filter Include="Resource Files">
      <UniqueIdentifier>{67DA6AB6-F800-4c08-8B7A-83BB121AAD01}</UniqueIdentifier>
      <Extensions>rc;ico;cur;bmp;dlg;rc2;rct;bin;rgs;gif;jpg;jpeg;jpe;resx;tiff;tif;png;wav;mfcribbon-ms</Extensions>
    </Filter>
  </ItemGroup>
  <ItemGroup>
    <Text Include="ReadMe.txt" />
  </ItemGroup>
  <ItemGroup>
    <ClInclude Include="SIALib.h">
      <Filter>Header Files</Filter>
    </ClInclude>
    <ClInclude Include="AppConfig.h">
      <Filter>Header Files</Filter>
    </ClInclude>
    <ClInclude Include="AppException.h">
      <Filter>Header Files</Filter>
    </ClInclude>
    <ClInclude Include="ArchiveBuilder.h">
      <Filter>Header Files</Filter>
    </ClInclude>
    <ClInclude Include="ArchiveDate.h">
      <Filter>Header Files</Filter>
    </ClInclude>
    <ClInclude Include="ArchiveRepository.h">
      <Filter>Header Files</Filter>
    </ClInclude>
    <ClInclude Include="Catalog.h">
      <Filter>Header Files</Filter>
    </ClInclude>
    <ClInclude Include="CatalogManager.h">
      <Filter>Header Files</Filter>
    </ClInclude>
    <ClInclude Include="CFolderStatus.h">
      <Filter>Header Files</Filter>
    </ClInclude>
    <ClInclude Include="CUnqueName.h">
      <Filter>Header Files</Filter>
    </ClInclude>
    <ClInclude Include="Environment.h">
      <Filter>Header Files</Filter>
    </ClInclude>
    <ClInclude Include="ImageContainer.h">
      <Filter>Header Files</Filter>
    </ClInclude>
    <ClInclude Include="ImageFileReader.h">
      <Filter>Header Files</Filter>
    </ClInclude>
    <ClInclude Include="ImageLock.h">
      <Filter>Header Files</Filter>
    </ClInclude>
    <ClInclude Include="ImagePath.h">
      <Filter>Header Files</Filter>
    </ClInclude>
    <ClInclude Include="ImageSideCar.h">
      <Filter>Header Files</Filter>
    </ClInclude>
    <ClInclude Include="JournalFile.h">
      <Filter>Header Files</Filter>
    </ClInclude>
    <ClInclude Include="MakeMedia.h">
      <Filter>Header Files</Filter>
    </ClInclude>
    <ClInclude Include="resource.h">
      <Filter>Header Files</Filter>
    </ClInclude>
    <ClInclude Include="SACmdArgs.h">
      <Filter>Header Files</Filter>
    </ClInclude>
    <ClInclude Include="StandardOut.h">
      <Filter>Header Files</Filter>
    </ClInclude>
    <ClInclude Include="TargetsList.h">
      <Filter>Header Files</Filter>
    </ClInclude>
    <ClInclude Include="XMLReader.h">
      <Filter>Header Files</Filter>
    </ClInclude>
    <ClInclude Include="MetadataUpdate.h">
      <Filter>Header Files</Filter>
    </ClInclude>
    <ClInclude Include="ImportJournal.h">
      <Filter>Header Files</Filter>
    </ClInclude>
    <ClInclude Include="HookCmd.h">
      <Filter>Header Files</Filter>
    </ClInclude>
    <ClInclude Include="ViewManager.h">
      <Filter>Header Files</Filter>
    </ClInclude>
    <ClInclude Include="ExportImages.h">
      <Filter>Header Files</Filter>
    </ClInclude>
    <ClInclude Include="SIAApplicationState.h">
      <Filter>Header Files</Filter>
    </ClInclude>
    <ClInclude Include="TerminalServer.h">
      <Filter>Header Files</Filter>
    </ClInclude>
    <ClInclude Include="ArchiveObject.h">
      <Filter>Header Files</Filter>
    </ClInclude>
    <ClInclude Include="CheckFile.h">
      <Filter>Header Files</Filter>
    </ClInclude>
    <ClInclude Include="BasicMetadataFactory.h">
      <Filter>Header Files</Filter>
    </ClInclude>
    <ClInclude Include="VersionIndex.h">
      <Filter>Header Files</Filter>
    </ClInclude>
    <ClInclude Include="DerivativeRepository.h">
      <Filter>Header Files</Filter>
    </ClInclude>
    <ClInclude Include="GetImagesManager.h">
      <Filter>Header Files</Filter>
    </ClInclude>
    <ClInclude Include="ImageIndex.h">
      <Filter>Header Files</Filter>
    </ClInclude>
    <ClInclude Include="PageMaker.h">
      <Filter>Header Files</Filter>
    </ClInclude>
    <ClInclude Include="MasterCatalogue.h">
      <Filter>Header Files</Filter>
    </ClInclude>
    <ClInclude Include="ImageGroup.h">
      <Filter>Header Files</Filter>
    </ClInclude>
    <ClInclude Include="VersionControl_old.h">
      <Filter>Header Files</Filter>
    </ClInclude>
  </ItemGroup>
  <ItemGroup>
    <ClCompile Include="SIALib.cpp">
      <Filter>Source Files</Filter>
    </ClCompile>
    <ClCompile Include="AppConfig.cpp">
      <Filter>Source Files</Filter>
    </ClCompile>
    <ClCompile Include="ArchiveBuilder.cpp">
      <Filter>Source Files</Filter>
    </ClCompile>
    <ClCompile Include="ArchiveDate.cpp">
      <Filter>Source Files</Filter>
    </ClCompile>
    <ClCompile Include="ArchiveRepository.cpp">
      <Filter>Source Files</Filter>
    </ClCompile>
    <ClCompile Include="Catalog.cpp">
      <Filter>Source Files</Filter>
    </ClCompile>
    <ClCompile Include="CatalogManager.cpp">
      <Filter>Source Files</Filter>
    </ClCompile>
    <ClCompile Include="CFolderStatus.cpp">
      <Filter>Source Files</Filter>
    </ClCompile>
    <ClCompile Include="CUnqueName.cpp">
      <Filter>Source Files</Filter>
    </ClCompile>
    <ClCompile Include="Environment.cpp">
      <Filter>Source Files</Filter>
    </ClCompile>
    <ClCompile Include="ImageContainer.cpp">
      <Filter>Source Files</Filter>
    </ClCompile>
    <ClCompile Include="ImageFileReader.cpp">
      <Filter>Source Files</Filter>
    </ClCompile>
    <ClCompile Include="ImageLock.cpp">
      <Filter>Source Files</Filter>
    </ClCompile>
    <ClCompile Include="ImagePath.cpp">
      <Filter>Source Files</Filter>
    </ClCompile>
    <ClCompile Include="ImageSideCars.cpp">
      <Filter>Source Files</Filter>
    </ClCompile>
    <ClCompile Include="JournalFile.cpp">
      <Filter>Source Files</Filter>
    </ClCompile>
    <ClCompile Include="MakeMedia.cpp">
      <Filter>Source Files</Filter>
    </ClCompile>
    <ClCompile Include="SACmdArgs.cpp">
      <Filter>Source Files</Filter>
    </ClCompile>
    <ClCompile Include="StandardOut.cpp">
      <Filter>Source Files</Filter>
    </ClCompile>
    <ClCompile Include="TargetsList.cpp">
      <Filter>Source Files</Filter>
    </ClCompile>
    <ClCompile Include="XMLReader.cpp">
      <Filter>Source Files</Filter>
    </ClCompile>
    <ClCompile Include="MetadataUpdate.cpp">
      <Filter>Source Files</Filter>
    </ClCompile>
    <ClCompile Include="ImportJournal.cpp">
      <Filter>Source Files</Filter>
    </ClCompile>
    <ClCompile Include="HookCmd.cpp">
      <Filter>Source Files</Filter>
    </ClCompile>
    <ClCompile Include="ViewManager.cpp">
      <Filter>Source Files</Filter>
    </ClCompile>
    <ClCompile Include="ExportImages.cpp">
      <Filter>Source Files</Filter>
    </ClCompile>
    <ClCompile Include="SIAApplicationState.cpp">
      <Filter>Source Files</Filter>
    </ClCompile>
    <ClCompile Include="TerminalServer.cpp">
      <Filter>Source Files</Filter>
    </ClCompile>
    <ClCompile Include="ArchiveObject.cpp">
      <Filter>Source Files</Filter>
    </ClCompile>
    <ClCompile Include="CheckFile.cpp">
      <Filter>Source Files</Filter>
    </ClCompile>
    <ClCompile Include="BasicMetadataFactory.cpp">
      <Filter>Source Files</Filter>
    </ClCompile>
    <ClCompile Include="VersionIndex.cpp">
      <Filter>Source Files</Filter>
    </ClCompile>
    <ClCompile Include="VersionControl.cpp">
      <Filter>Source Files</Filter>
    </ClCompile>
    <ClCompile Include="DerivativeRepository.cpp">
      <Filter>Source Files</Filter>
    </ClCompile>
    <ClCompile Include="GetIImagesManager.cpp">
      <Filter>Source Files</Filter>
    </ClCompile>
    <ClCompile Include="ImageIndex.cpp">
      <Filter>Source Files</Filter>
    </ClCompile>
    <ClCompile Include="PageMaker.cpp">
      <Filter>Source Files</Filter>
    </ClCompile>
    <ClCompile Include="MasterCatalogue.cpp">
      <Filter>Source Files</Filter>
    </ClCompile>
    <ClCompile Include="ImageGroup_old.cpp">
      <Filter>Source Files</Filter>
    </ClCompile>
  </ItemGroup>
  <ItemGroup>
    <None Include="doxygen.dxy" />
    <None Include="mainpage.dox" />
  </ItemGroup>
</Project>